
Microsoft Visual Studio Solution File, Format Version 12.00
# Visual Studio Version 16
VisualStudioVersion = 16.0.31410.357
MinimumVisualStudioVersion = 10.0.40219.1
Project("{FAE04EC0-301F-11D3-BF4B-00C04F79EFBC}") = "Ark Player Migrator", "Ark Player Migrator.csproj", "{37EC778B-AC25-4E9A-9BCC-786FA2FDDA16}"
EndProject
Global
	GlobalSection(SolutionConfigurationPlatforms) = preSolution
		Debug|Any CPU = Debug|Any CPU
		Release|Any CPU = Release|Any CPU
	EndGlobalSection
	GlobalSection(ProjectConfigurationPlatforms) = postSolution
		{37EC778B-AC25-4E9A-9BCC-786FA2FDDA16}.Debug|Any CPU.ActiveCfg = Debug|Any CPU
		{37EC778B-AC25-4E9A-9BCC-786FA2FDDA16}.Debug|Any CPU.Build.0 = Debug|Any CPU
		{37EC778B-AC25-4E9A-9BCC-786FA2FDDA16}.Release|Any CPU.ActiveCfg = Release|Any CPU
		{37EC778B-AC25-4E9A-9BCC-786FA2FDDA16}.Release|Any CPU.Build.0 = Release|Any CPU
	EndGlobalSection
	GlobalSection(SolutionProperties) = preSolution
		HideSolutionNode = FALSE
	EndGlobalSection
	GlobalSection(ExtensibilityGlobals) = postSolution
		SolutionGuid = {00AFCF24-EAB4-47CE-97DA-6BEA96F47110}
	EndGlobalSection
EndGlobal
